
Microsoft Visual Studio Solution File, Format Version 12.00
# Visual Studio Version 16
VisualStudioVersion = 16.0.31112.23
MinimumVisualStudioVersion = 10.0.40219.1
Project("{8BC9CEB8-8B4A-11D0-8D11-00A0C91BC942}") = "osic_exe", "source\osic_exe.vcxproj", "{B029F5A8-90AE-4406-A9F5-3D67DB5D81FF}"
EndProject
Global
	GlobalSection(SolutionConfigurationPlatforms) = preSolution
		Debug|x64 = Debug|x64
		Release|x64 = Release|x64
	EndGlobalSection
	GlobalSection(ProjectConfigurationPlatforms) = postSolution
		{B029F5A8-90AE-4406-A9F5-3D67DB5D81FF}.Debug|x64.ActiveCfg = Debug|x64
		{B029F5A8-90AE-4406-A9F5-3D67DB5D81FF}.Debug|x64.Build.0 = Debug|x64
		{B029F5A8-90AE-4406-A9F5-3D67DB5D81FF}.Release|x64.ActiveCfg = Release|x64
		{B029F5A8-90AE-4406-A9F5-3D67DB5D81FF}.Release|x64.Build.0 = Release|x64
	EndGlobalSection
	GlobalSection(SolutionProperties) = preSolution
		HideSolutionNode = FALSE
	EndGlobalSection
	GlobalSection(ExtensibilityGlobals) = postSolution
		SolutionGuid = {676A8E8D-8739-4D07-912A-7932A44B3D92}
	EndGlobalSection
EndGlobal
